// !$*UTF8*$!
{
	archiveVersion = 1;
	classes = {
	};
	objectVersion = 50;
	objects = {

/* Begin PBXBuildFile section */
		83DD76DA25FFB29600303F4D /* AppDelegate.swift in Sources */ = {isa = PBXBuildFile; fileRef = 83DD76D925FFB29600303F4D /* AppDelegate.swift */; };
		83DD76DC25FFB29600303F4D /* SceneDelegate.swift in Sources */ = {isa = PBXBuildFile; fileRef = 83DD76DB25FFB29600303F4D /* SceneDelegate.swift */; };
		83DD76DE25FFB29600303F4D /* ViewController.swift in Sources */ = {isa = PBXBuildFile; fileRef = 83DD76DD25FFB29600303F4D /* ViewController.swift */; };
		83DD76E125FFB29600303F4D /* Main.storyboard in Resources */ = {isa = PBXBuildFile; fileRef = 83DD76DF25FFB29600303F4D /* Main.storyboard */; };
		83DD76E325FFB29700303F4D /* Assets.xcassets in Resources */ = {isa = PBXBuildFile; fileRef = 83DD76E225FFB29700303F4D /* Assets.xcassets */; };
		83DD76E625FFB29700303F4D /* LaunchScreen.storyboard in Resources */ = {isa = PBXBuildFile; fileRef = 83DD76E425FFB29700303F4D /* LaunchScreen.storyboard */; };
		83DD76F225FFB2B400303F4D /* CustomCell.swift in Sources */ = {isa = PBXBuildFile; fileRef = 83DD76EE25FFB2B400303F4D /* CustomCell.swift */; };
		83DD76F325FFB2B400303F4D /* CustomHeader.xib in Resources */ = {isa = PBXBuildFile; fileRef = 83DD76EF25FFB2B400303F4D /* CustomHeader.xib */; };
		83DD76F425FFB2B400303F4D /* CustomCell.xib in Resources */ = {isa = PBXBuildFile; fileRef = 83DD76F025FFB2B400303F4D /* CustomCell.xib */; };
		83DD76F525FFB2B400303F4D /* CustomHeader.swift in Sources */ = {isa = PBXBuildFile; fileRef = 83DD76F125FFB2B400303F4D /* CustomHeader.swift */; };
/* End PBXBuildFile section */

/* Begin PBXFileReference section */
		83DD76D625FFB29600303F4D /* NibHeaderCellDemo.app */ = {isa = PBXFileReference; explicitFileType = wrapper.application; includeInIndex = 0; path = NibHeaderCellDemo.app; sourceTree = BUILT_PRODUCTS_DIR; };
		83DD76D925FFB29600303F4D /* AppDelegate.swift */ = {isa = PBXFileReference; lastKnownFileType = sourcecode.swift; path = AppDelegate.swift; sourceTree = "<group>"; };
		83DD76DB25FFB29600303F4D /* SceneDelegate.swift */ = {isa = PBXFileReference; lastKnownFileType = sourcecode.swift; path = SceneDelegate.swift; sourceTree = "<group>"; };
		83DD76DD25FFB29600303F4D /* ViewController.swift */ = {isa = PBXFileReference; lastKnownFileType = sourcecode.swift; path = ViewController.swift; sourceTree = "<group>"; };
		83DD76E025FFB29600303F4D /* Base */ = {isa = PBXFileReference; lastKnownFileType = file.storyboard; name = Base; path = Base.lproj/Main.storyboard; sourceTree = "<group>"; };
		83DD76E225FFB29700303F4D /* Assets.xcassets */ = {isa = PBXFileReference; lastKnownFileType = folder.assetcatalog; path = Assets.xcassets; sourceTree = "<group>"; };
		83DD76E525FFB29700303F4D /* Base */ = {isa = PBXFileReference; lastKnownFileType = file.storyboard; name = Base; path = Base.lproj/LaunchScreen.storyboard; sourceTree = "<group>"; };
		83DD76E725FFB29700303F4D /* Info.plist */ = {isa = PBXFileReference; lastKnownFileType = text.plist.xml; path = Info.plist; sourceTree = "<group>"; };
		83DD76EE25FFB2B400303F4D /* CustomCell.swift */ = {isa = PBXFileReference; fileEncoding = 4; lastKnownFileType = sourcecode.swift; path = CustomCell.swift; sourceTree = "<group>"; };
		83DD76EF25FFB2B400303F4D /* CustomHeader.xib */ = {isa = PBXFileReference; fileEncoding = 4; lastKnownFileType = file.xib; path = CustomHeader.xib; sourceTree = "<group>"; };
		83DD76F025FFB2B400303F4D /* CustomCell.xib */ = {isa = PBXFileReference; fileEncoding = 4; lastKnownFileType = file.xib; path = CustomCell.xib; sourceTree = "<group>"; };
		83DD76F125FFB2B400303F4D /* CustomHeader.swift */ = {isa = PBXFileReference; fileEncoding = 4; lastKnownFileType = sourcecode.swift; path = CustomHeader.swift; sourceTree = "<group>"; };
		83DD76FD25FFB3EA00303F4D /* README.md */ = {isa = PBXFileReference; lastKnownFileType = net.daringfireball.markdown; path = README.md; sourceTree = "<group>"; };
		83DD76FE25FFB3F600303F4D /* LICENSE.md */ = {isa = PBXFileReference; lastKnownFileType = net.daringfireball.markdown; path = LICENSE.md; sourceTree = "<group>"; };
/* End PBXFileReference section */

/* Begin PBXFrameworksBuildPhase section */
		83DD76D325FFB29600303F4D /* Frameworks */ = {
			isa = PBXFrameworksBuildPhase;
			buildActionMask = 2147483647;
			files = (
			);
			runOnlyForDeploymentPostprocessing = 0;
		};
/* End PBXFrameworksBuildPhase section */

/* Begin PBXGroup section */
		83DD76CD25FFB29600303F4D = {
			isa = PBXGroup;
			children = (
				83DD76FD25FFB3EA00303F4D /* README.md */,
				83DD76FE25FFB3F600303F4D /* LICENSE.md */,
				83DD76D825FFB29600303F4D /* NibHeaderCellDemo */,
				83DD76D725FFB29600303F4D /* Products */,
			);
			sourceTree = "<group>";
		};
		83DD76D725FFB29600303F4D /* Products */ = {
			isa = PBXGroup;
			children = (
				83DD76D625FFB29600303F4D /* NibHeaderCellDemo.app */,
			);
			name = Products;
			sourceTree = "<group>";
		};
		83DD76D825FFB29600303F4D /* NibHeaderCellDemo */ = {
			isa = PBXGroup;
			children = (
				83DD76F925FFB2C500303F4D /* App lifecycle */,
				83DD76F725FFB2BA00303F4D /* View */,
				83DD76FB25FFB2D100303F4D /* Support files */,
			);
			path = NibHeaderCellDemo;
			sourceTree = "<group>";
		};
		83DD76F725FFB2BA00303F4D /* View */ = {
			isa = PBXGroup;
			children = (
				83DD76DD25FFB29600303F4D /* ViewController.swift */,
				83DD76EE25FFB2B400303F4D /* CustomCell.swift */,
				83DD76F025FFB2B400303F4D /* CustomCell.xib */,
				83DD76F125FFB2B400303F4D /* CustomHeader.swift */,
				83DD76EF25FFB2B400303F4D /* CustomHeader.xib */,
			);
			path = View;
			sourceTree = "<group>";
		};
		83DD76F925FFB2C500303F4D /* App lifecycle */ = {
			isa = PBXGroup;
			children = (
				83DD76D925FFB29600303F4D /* AppDelegate.swift */,
				83DD76DB25FFB29600303F4D /* SceneDelegate.swift */,
			);
			path = "App lifecycle";
			sourceTree = "<group>";
		};
		83DD76FB25FFB2D100303F4D /* Support files */ = {
			isa = PBXGroup;
			children = (
				83DD76DF25FFB29600303F4D /* Main.storyboard */,
				83DD76E225FFB29700303F4D /* Assets.xcassets */,
				83DD76E425FFB29700303F4D /* LaunchScreen.storyboard */,
				83DD76E725FFB29700303F4D /* Info.plist */,
			);
			path = "Support files";
			sourceTree = "<group>";
		};
/* End PBXGroup section */

/* Begin PBXNativeTarget section */
		83DD76D525FFB29600303F4D /* NibHeaderCellDemo */ = {
			isa = PBXNativeTarget;
			buildConfigurationList = 83DD76EA25FFB29700303F4D /* Build configuration list for PBXNativeTarget "NibHeaderCellDemo" */;
			buildPhases = (
				83DD76D225FFB29600303F4D /* Sources */,
				83DD76D325FFB29600303F4D /* Frameworks */,
				83DD76D425FFB29600303F4D /* Resources */,
			);
			buildRules = (
			);
			dependencies = (
			);
			name = NibHeaderCellDemo;
			productName = NibHeaderCellDemo;
			productReference = 83DD76D625FFB29600303F4D /* NibHeaderCellDemo.app */;
			productType = "com.apple.product-type.application";
		};
/* End PBXNativeTarget section */

/* Begin PBXProject section */
		83DD76CE25FFB29600303F4D /* Project object */ = {
			isa = PBXProject;
			attributes = {
				LastSwiftUpdateCheck = 1240;
				LastUpgradeCheck = 1240;
				TargetAttributes = {
					83DD76D525FFB29600303F4D = {
						CreatedOnToolsVersion = 12.4;
					};
				};
			};
			buildConfigurationList = 83DD76D125FFB29600303F4D /* Build configuration list for PBXProject "NibHeaderCellDemo" */;
			compatibilityVersion = "Xcode 9.3";
			developmentRegion = en;
			hasScannedForEncodings = 0;
			knownRegions = (
				en,
				Base,
			);
			mainGroup = 83DD76CD25FFB29600303F4D;
			productRefGroup = 83DD76D725FFB29600303F4D /* Products */;
			projectDirPath = "";
			projectRoot = "";
			targets = (
				83DD76D525FFB29600303F4D /* NibHeaderCellDemo */,
			);
		};
/* End PBXProject section */

/* Begin PBXResourcesBuildPhase section */
		83DD76D425FFB29600303F4D /* Resources */ = {
			isa = PBXResourcesBuildPhase;
			buildActionMask = 2147483647;
			files = (
				83DD76F425FFB2B400303F4D /* CustomCell.xib in Resources */,
				83DD76E625FFB29700303F4D /* LaunchScreen.storyboard in Resources */,
				83DD76F325FFB2B400303F4D /* CustomHeader.xib in Resources */,
				83DD76E325FFB29700303F4D /* Assets.xcassets in Resources */,
				83DD76E125FFB29600303F4D /* Main.storyboard in Resources */,
			);
			runOnlyForDeploymentPostprocessing = 0;
		};
/* End PBXResourcesBuildPhase section */

/* Begin PBXSourcesBuildPhase section */
		83DD76D225FFB29600303F4D /* Sources */ = {
			isa = PBXSourcesBuildPhase;
			buildActionMask = 2147483647;
			files = (
				83DD76DE25FFB29600303F4D /* ViewController.swift in Sources */,
				83DD76DA25FFB29600303F4D /* AppDelegate.swift in Sources */,
				83DD76F225FFB2B400303F4D /* CustomCell.swift in Sources */,
				83DD76DC25FFB29600303F4D /* SceneDelegate.swift in Sources */,
				83DD76F525FFB2B400303F4D /* CustomHeader.swift in Sources */,
			);
			runOnlyForDeploymentPostprocessing = 0;
		};
/* End PBXSourcesBuildPhase section */

/* Begin PBXVariantGroup section */
		83DD76DF25FFB29600303F4D /* Main.storyboard */ = {
			isa = PBXVariantGroup;
			children = (
				83DD76E025FFB29600303F4D /* Base */,
			);
			name = Main.storyboard;
			sourceTree = "<group>";
		};
		83DD76E425FFB29700303F4D /* LaunchScreen.storyboard */ = {
			isa = PBXVariantGroup;
			children = (
				83DD76E525FFB29700303F4D /* Base */,
			);
			name = LaunchScreen.storyboard;
			sourceTree = "<group>";
		};
/* End PBXVariantGroup section */

/* Begin XCBuildConfiguration section */
		83DD76E825FFB29700303F4D /* Debug */ = {
			isa = XCBuildConfiguration;
			buildSettings = {
				ALWAYS_SEARCH_USER_PATHS = NO;
				CLANG_ANALYZER_NONNULL = YES;
				CLANG_ANALYZER_NUMBER_OBJECT_CONVERSION = YES_AGGRESSIVE;
				CLANG_CXX_LANGUAGE_STANDARD = "gnu++14";
				CLANG_CXX_LIBRARY = "libc++";
				CLANG_ENABLE_MODULES = YES;
				CLANG_ENABLE_OBJC_ARC = YES;
				CLANG_ENABLE_OBJC_WEAK = YES;
				CLANG_WARN_BLOCK_CAPTURE_AUTORELEASING = YES;
				CLANG_WARN_BOOL_CONVERSION = YES;
				CLANG_WARN_COMMA = YES;
				CLANG_WARN_CONSTANT_CONVERSION = YES;
				CLANG_WARN_DEPRECATED_OBJC_IMPLEMENTATIONS = YES;
				CLANG_WARN_DIRECT_OBJC_ISA_USAGE = YES_ERROR;
				CLANG_WARN_DOCUMENTATION_COMMENTS = YES;
				CLANG_WARN_EMPTY_BODY = YES;
				CLANG_WARN_ENUM_CONVERSION = YES;
				CLANG_WARN_INFINITE_RECURSION = YES;
				CLANG_WARN_INT_CONVERSION = YES;
				CLANG_WARN_NON_LITERAL_NULL_CONVERSION = YES;
				CLANG_WARN_OBJC_IMPLICIT_RETAIN_SELF = YES;
				CLANG_WARN_OBJC_LITERAL_CONVERSION = YES;
				CLANG_WARN_OBJC_ROOT_CLASS = YES_ERROR;
				CLANG_WARN_QUOTED_INCLUDE_IN_FRAMEWORK_HEADER = YES;
				CLANG_WARN_RANGE_LOOP_ANALYSIS = YES;
				CLANG_WARN_STRICT_PROTOTYPES = YES;
				CLANG_WARN_SUSPICIOUS_MOVE = YES;
				CLANG_WARN_UNGUARDED_AVAILABILITY = YES_AGGRESSIVE;
				CLANG_WARN_UNREACHABLE_CODE = YES;
				CLANG_WARN__DUPLICATE_METHOD_MATCH = YES;
				COPY_PHASE_STRIP = NO;
				DEBUG_INFORMATION_FORMAT = dwarf;
				ENABLE_STRICT_OBJC_MSGSEND = YES;
				ENABLE_TESTABILITY = YES;
				GCC_C_LANGUAGE_STANDARD = gnu11;
				GCC_DYNAMIC_NO_PIC = NO;
				GCC_NO_COMMON_BLOCKS = YES;
				GCC_OPTIMIZATION_LEVEL = 0;
				GCC_PREPROCESSOR_DEFINITIONS = (
					"DEBUG=1",
					"$(inherited)",
				);
				GCC_WARN_64_TO_32_BIT_CONVERSION = YES;
				GCC_WARN_ABOUT_RETURN_TYPE = YES_ERROR;
				GCC_WARN_UNDECLARED_SELECTOR = YES;
				GCC_WARN_UNINITIALIZED_AUTOS = YES_AGGRESSIVE;
				GCC_WARN_UNUSED_FUNCTION = YES;
				GCC_WARN_UNUSED_VARIABLE = YES;
				IPHONEOS_DEPLOYMENT_TARGET = 14.4;
				MTL_ENABLE_DEBUG_INFO = INCLUDE_SOURCE;
				MTL_FAST_MATH = YES;
				ONLY_ACTIVE_ARCH = YES;
				SDKROOT = iphoneos;
				SWIFT_ACTIVE_COMPILATION_CONDITIONS = DEBUG;
				SWIFT_OPTIMIZATION_LEVEL = "-Onone";
			};
			name = Debug;
		};
		83DD76E925FFB29700303F4D /* Release */ = {
			isa = XCBuildConfiguration;
			buildSettings = {
				ALWAYS_SEARCH_USER_PATHS = NO;
				CLANG_ANALYZER_NONNULL = YES;
				CLANG_ANALYZER_NUMBER_OBJECT_CONVERSION = YES_AGGRESSIVE;
				CLANG_CXX_LANGUAGE_STANDARD = "gnu++14";
				CLANG_CXX_LIBRARY = "libc++";
				CLANG_ENABLE_MODULES = YES;
				CLANG_ENABLE_OBJC_ARC = YES;
				CLANG_ENABLE_OBJC_WEAK = YES;
				CLANG_WARN_BLOCK_CAPTURE_AUTORELEASING = YES;
				CLANG_WARN_BOOL_CONVERSION = YES;
				CLANG_WARN_COMMA = YES;
				CLANG_WARN_CONSTANT_CONVERSION = YES;
				CLANG_WARN_DEPRECATED_OBJC_IMPLEMENTATIONS = YES;
				CLANG_WARN_DIRECT_OBJC_ISA_USAGE = YES_ERROR;
				CLANG_WARN_DOCUMENTATION_COMMENTS = YES;
				CLANG_WARN_EMPTY_BODY = YES;
				CLANG_WARN_ENUM_CONVERSION = YES;
				CLANG_WARN_INFINITE_RECURSION = YES;
				CLANG_WARN_INT_CONVERSION = YES;
				CLANG_WARN_NON_LITERAL_NULL_CONVERSION = YES;
				CLANG_WARN_OBJC_IMPLICIT_RETAIN_SELF = YES;
				CLANG_WARN_OBJC_LITERAL_CONVERSION = YES;
				CLANG_WARN_OBJC_ROOT_CLASS = YES_ERROR;
				CLANG_WARN_QUOTED_INCLUDE_IN_FRAMEWORK_HEADER = YES;
				CLANG_WARN_RANGE_LOOP_ANALYSIS = YES;
				CLANG_WARN_STRICT_PROTOTYPES = YES;
				CLANG_WARN_SUSPICIOUS_MOVE = YES;
				CLANG_WARN_UNGUARDED_AVAILABILITY = YES_AGGRESSIVE;
				CLANG_WARN_UNREACHABLE_CODE = YES;
				CLANG_WARN__DUPLICATE_METHOD_MATCH = YES;
				COPY_PHASE_STRIP = NO;
				DEBUG_INFORMATION_FORMAT = "dwarf-with-dsym";
				ENABLE_NS_ASSERTIONS = NO;
				ENABLE_STRICT_OBJC_MSGSEND = YES;
				GCC_C_LANGUAGE_STANDARD = gnu11;
				GCC_NO_COMMON_BLOCKS = YES;
				GCC_WARN_64_TO_32_BIT_CONVERSION = YES;
				GCC_WARN_ABOUT_RETURN_TYPE = YES_ERROR;
				GCC_WARN_UNDECLARED_SELECTOR = YES;
				GCC_WARN_UNINITIALIZED_AUTOS = YES_AGGRESSIVE;
				GCC_WARN_UNUSED_FUNCTION = YES;
				GCC_WARN_UNUSED_VARIABLE = YES;
				IPHONEOS_DEPLOYMENT_TARGET = 14.4;
				MTL_ENABLE_DEBUG_INFO = NO;
				MTL_FAST_MATH = YES;
				SDKROOT = iphoneos;
				SWIFT_COMPILATION_MODE = wholemodule;
				SWIFT_OPTIMIZATION_LEVEL = "-O";
				VALIDATE_PRODUCT = YES;
			};
			name = Release;
		};
		83DD76EB25FFB29700303F4D /* Debug */ = {
			isa = XCBuildConfiguration;
			buildSettings = {
				ASSETCATALOG_COMPILER_APPICON_NAME = AppIcon;
				ASSETCATALOG_COMPILER_GLOBAL_ACCENT_COLOR_NAME = AccentColor;
				CODE_SIGN_STYLE = Automatic;
				DEVELOPMENT_TEAM = UZAPXQTVQ4;
				INFOPLIST_FILE = "NibHeaderCellDemo/Support files/Info.plist";
				LD_RUNPATH_SEARCH_PATHS = (
					"$(inherited)",
					"@executable_path/Frameworks",
				);
				PRODUCT_BUNDLE_IDENTIFIER = com.robertmryan.NibHeaderCellDemo;
				PRODUCT_NAME = "$(TARGET_NAME)";
				SWIFT_VERSION = 5.0;
				TARGETED_DEVICE_FAMILY = "1,2";
			};
			name = Debug;
		};
		83DD76EC25FFB29700303F4D /* Release */ = {
			isa = XCBuildConfiguration;
			buildSettings = {
				ASSETCATALOG_COMPILER_APPICON_NAME = AppIcon;
				ASSETCATALOG_COMPILER_GLOBAL_ACCENT_COLOR_NAME = AccentColor;
				CODE_SIGN_STYLE = Automatic;
				DEVELOPMENT_TEAM = UZAPXQTVQ4;
				INFOPLIST_FILE = "NibHeaderCellDemo/Support files/Info.plist";
				LD_RUNPATH_SEARCH_PATHS = (
					"$(inherited)",
					"@executable_path/Frameworks",
				);
				PRODUCT_BUNDLE_IDENTIFIER = com.robertmryan.NibHeaderCellDemo;
				PRODUCT_NAME = "$(TARGET_NAME)";
				SWIFT_VERSION = 5.0;
				TARGETED_DEVICE_FAMILY = "1,2";
			};
			name = Release;
		};
/* End XCBuildConfiguration section */

/* Begin XCConfigurationList section */
		83DD76D125FFB29600303F4D /* Build configuration list for PBXProject "NibHeaderCellDemo" */ = {
			isa = XCConfigurationList;
			buildConfigurations = (
				83DD76E825FFB29700303F4D /* Debug */,
				83DD76E925FFB29700303F4D /* Release */,
			);
			defaultConfigurationIsVisible = 0;
			defaultConfigurationName = Release;
		};
		83DD76EA25FFB29700303F4D /* Build configuration list for PBXNativeTarget "NibHeaderCellDemo" */ = {
			isa = XCConfigurationList;
			buildConfigurations = (
				83DD76EB25FFB29700303F4D /* Debug */,
				83DD76EC25FFB29700303F4D /* Release */,
			);
			defaultConfigurationIsVisible = 0;
			defaultConfigurationName = Release;
		};
/* End XCConfigurationList section */
	};
	rootObject = 83DD76CE25FFB29600303F4D /* Project object */;
}
